// !$*UTF8*$!
{
	archiveVersion = 1;
	classes = {
	};
	objectVersion = 50;
	objects = {

/* Begin PBXBuildFile section */
		63DA39FC24D465E80032079E /* AppDelegate.swift in Sources */ = {isa = PBXBuildFile; fileRef = 63DA39FB24D465E80032079E /* AppDelegate.swift */; };
		63DA39FE24D465E80032079E /* art.scnassets in Resources */ = {isa = PBXBuildFile; fileRef = 63DA39FD24D465E80032079E /* art.scnassets */; };
		63DA3A0024D465E80032079E /* ViewController.swift in Sources */ = {isa = PBXBuildFile; fileRef = 63DA39FF24D465E80032079E /* ViewController.swift */; };
		63DA3A0324D465E80032079E /* Main.storyboard in Resources */ = {isa = PBXBuildFile; fileRef = 63DA3A0124D465E80032079E /* Main.storyboard */; };
		63DA3A0524D465ED0032079E /* Assets.xcassets in Resources */ = {isa = PBXBuildFile; fileRef = 63DA3A0424D465ED0032079E /* Assets.xcassets */; };
		63DA3A0824D465ED0032079E /* LaunchScreen.storyboard in Resources */ = {isa = PBXBuildFile; fileRef = 63DA3A0624D465ED0032079E /* LaunchScreen.storyboard */; };
/* End PBXBuildFile section */

/* Begin PBXFileReference section */
		63DA39F824D465E80032079E /* ScaleOfTheUniverse.app */ = {isa = PBXFileReference; explicitFileType = wrapper.application; includeInIndex = 0; path = ScaleOfTheUniverse.app; sourceTree = BUILT_PRODUCTS_DIR; };
		63DA39FB24D465E80032079E /* AppDelegate.swift */ = {isa = PBXFileReference; lastKnownFileType = sourcecode.swift; path = AppDelegate.swift; sourceTree = "<group>"; };
		63DA39FD24D465E80032079E /* art.scnassets */ = {isa = PBXFileReference; lastKnownFileType = wrapper.scnassets; path = art.scnassets; sourceTree = "<group>"; };
		63DA39FF24D465E80032079E /* ViewController.swift */ = {isa = PBXFileReference; lastKnownFileType = sourcecode.swift; path = ViewController.swift; sourceTree = "<group>"; };
		63DA3A0224D465E80032079E /* Base */ = {isa = PBXFileReference; lastKnownFileType = file.storyboard; name = Base; path = Base.lproj/Main.storyboard; sourceTree = "<group>"; };
		63DA3A0424D465ED0032079E /* Assets.xcassets */ = {isa = PBXFileReference; lastKnownFileType = folder.assetcatalog; path = Assets.xcassets; sourceTree = "<group>"; };
		63DA3A0724D465ED0032079E /* Base */ = {isa = PBXFileReference; lastKnownFileType = file.storyboard; name = Base; path = Base.lproj/LaunchScreen.storyboard; sourceTree = "<group>"; };
		63DA3A0924D465ED0032079E /* Info.plist */ = {isa = PBXFileReference; lastKnownFileType = text.plist.xml; path = Info.plist; sourceTree = "<group>"; };
/* End PBXFileReference section */

/* Begin PBXFrameworksBuildPhase section */
		63DA39F524D465E80032079E /* Frameworks */ = {
			isa = PBXFrameworksBuildPhase;
			buildActionMask = 2147483647;
			files = (
			);
			runOnlyForDeploymentPostprocessing = 0;
		};
/* End PBXFrameworksBuildPhase section */

/* Begin PBXGroup section */
		63DA39EF24D465E80032079E = {
			isa = PBXGroup;
			children = (
				63DA39FA24D465E80032079E /* ScaleOfTheUniverse */,
				63DA39F924D465E80032079E /* Products */,
			);
			sourceTree = "<group>";
		};
		63DA39F924D465E80032079E /* Products */ = {
			isa = PBXGroup;
			children = (
				63DA39F824D465E80032079E /* ScaleOfTheUniverse.app */,
			);
			name = Products;
			sourceTree = "<group>";
		};
		63DA39FA24D465E80032079E /* ScaleOfTheUniverse */ = {
			isa = PBXGroup;
			children = (
				63DA39FB24D465E80032079E /* AppDelegate.swift */,
				63DA39FD24D465E80032079E /* art.scnassets */,
				63DA39FF24D465E80032079E /* ViewController.swift */,
				63DA3A0124D465E80032079E /* Main.storyboard */,
				63DA3A0424D465ED0032079E /* Assets.xcassets */,
				63DA3A0624D465ED0032079E /* LaunchScreen.storyboard */,
				63DA3A0924D465ED0032079E /* Info.plist */,
			);
			path = ScaleOfTheUniverse;
			sourceTree = "<group>";
		};
/* End PBXGroup section */

/* Begin PBXNativeTarget section */
		63DA39F724D465E80032079E /* ScaleOfTheUniverse */ = {
			isa = PBXNativeTarget;
			buildConfigurationList = 63DA3A0C24D465ED0032079E /* Build configuration list for PBXNativeTarget "ScaleOfTheUniverse" */;
			buildPhases = (
				63DA39F424D465E80032079E /* Sources */,
				63DA39F524D465E80032079E /* Frameworks */,
				63DA39F624D465E80032079E /* Resources */,
			);
			buildRules = (
			);
			dependencies = (
			);
			name = ScaleOfTheUniverse;
			productName = ScaleOfTheUniverse;
			productReference = 63DA39F824D465E80032079E /* ScaleOfTheUniverse.app */;
			productType = "com.apple.product-type.application";
		};
/* End PBXNativeTarget section */

/* Begin PBXProject section */
		63DA39F024D465E80032079E /* Project object */ = {
			isa = PBXProject;
			attributes = {
				LastSwiftUpdateCheck = 1140;
				LastUpgradeCheck = 1140;
				ORGANIZATIONNAME = "Ezra Bernstein";
				TargetAttributes = {
					63DA39F724D465E80032079E = {
						CreatedOnToolsVersion = 11.4;
					};
				};
			};
			buildConfigurationList = 63DA39F324D465E80032079E /* Build configuration list for PBXProject "ScaleOfTheUniverse" */;
			compatibilityVersion = "Xcode 9.3";
			developmentRegion = en;
			hasScannedForEncodings = 0;
			knownRegions = (
				en,
				Base,
			);
			mainGroup = 63DA39EF24D465E80032079E;
			productRefGroup = 63DA39F924D465E80032079E /* Products */;
			projectDirPath = "";
			projectRoot = "";
			targets = (
				63DA39F724D465E80032079E /* ScaleOfTheUniverse */,
			);
		};
/* End PBXProject section */

/* Begin PBXResourcesBuildPhase section */
		63DA39F624D465E80032079E /* Resources */ = {
			isa = PBXResourcesBuildPhase;
			buildActionMask = 2147483647;
			files = (
				63DA39FE24D465E80032079E /* art.scnassets in Resources */,
				63DA3A0824D465ED0032079E /* LaunchScreen.storyboard in Resources */,
				63DA3A0524D465ED0032079E /* Assets.xcassets in Resources */,
				63DA3A0324D465E80032079E /* Main.storyboard in Resources */,
			);
			runOnlyForDeploymentPostprocessing = 0;
		};
/* End PBXResourcesBuildPhase section */

/* Begin PBXSourcesBuildPhase section */
		63DA39F424D465E80032079E /* Sources */ = {
			isa = PBXSourcesBuildPhase;
			buildActionMask = 2147483647;
			files = (
				63DA3A0024D465E80032079E /* ViewController.swift in Sources */,
				63DA39FC24D465E80032079E /* AppDelegate.swift in Sources */,
			);
			runOnlyForDeploymentPostprocessing = 0;
		};
/* End PBXSourcesBuildPhase section */

/* Begin PBXVariantGroup section */
		63DA3A0124D465E80032079E /* Main.storyboard */ = {
			isa = PBXVariantGroup;
			children = (
				63DA3A0224D465E80032079E /* Base */,
			);
			name = Main.storyboard;
			sourceTree = "<group>";
		};
		63DA3A0624D465ED0032079E /* LaunchScreen.storyboard */ = {
			isa = PBXVariantGroup;
			children = (
				63DA3A0724D465ED0032079E /* Base */,
			);
			name = LaunchScreen.storyboard;
			sourceTree = "<group>";
		};
/* End PBXVariantGroup section */

/* Begin XCBuildConfiguration section */
		63DA3A0A24D465ED0032079E /* Debug */ = {
			isa = XCBuildConfiguration;
			buildSettings = {
				ALWAYS_SEARCH_USER_PATHS = NO;
				CLANG_ANALYZER_NONNULL = YES;
				CLANG_ANALYZER_NUMBER_OBJECT_CONVERSION = YES_AGGRESSIVE;
				CLANG_CXX_LANGUAGE_STANDARD = "gnu++14";
				CLANG_CXX_LIBRARY = "libc++";
				CLANG_ENABLE_MODULES = YES;
				CLANG_ENABLE_OBJC_ARC = YES;
				CLANG_ENABLE_OBJC_WEAK = YES;
				CLANG_WARN_BLOCK_CAPTURE_AUTORELEASING = YES;
				CLANG_WARN_BOOL_CONVERSION = YES;
				CLANG_WARN_COMMA = YES;
				CLANG_WARN_CONSTANT_CONVERSION = YES;
				CLANG_WARN_DEPRECATED_OBJC_IMPLEMENTATIONS = YES;
				CLANG_WARN_DIRECT_OBJC_ISA_USAGE = YES_ERROR;
				CLANG_WARN_DOCUMENTATION_COMMENTS = YES;
				CLANG_WARN_EMPTY_BODY = YES;
				CLANG_WARN_ENUM_CONVERSION = YES;
				CLANG_WARN_INFINITE_RECURSION = YES;
				CLANG_WARN_INT_CONVERSION = YES;
				CLANG_WARN_NON_LITERAL_NULL_CONVERSION = YES;
				CLANG_WARN_OBJC_IMPLICIT_RETAIN_SELF = YES;
				CLANG_WARN_OBJC_LITERAL_CONVERSION = YES;
				CLANG_WARN_OBJC_ROOT_CLASS = YES_ERROR;
				CLANG_WARN_RANGE_LOOP_ANALYSIS = YES;
				CLANG_WARN_STRICT_PROTOTYPES = YES;
				CLANG_WARN_SUSPICIOUS_MOVE = YES;
				CLANG_WARN_UNGUARDED_AVAILABILITY = YES_AGGRESSIVE;
				CLANG_WARN_UNREACHABLE_CODE = YES;
				CLANG_WARN__DUPLICATE_METHOD_MATCH = YES;
				COPY_PHASE_STRIP = NO;
				DEBUG_INFORMATION_FORMAT = dwarf;
				ENABLE_STRICT_OBJC_MSGSEND = YES;
				ENABLE_TESTABILITY = YES;
				GCC_C_LANGUAGE_STANDARD = gnu11;
				GCC_DYNAMIC_NO_PIC = NO;
				GCC_NO_COMMON_BLOCKS = YES;
				GCC_OPTIMIZATION_LEVEL = 0;
				GCC_PREPROCESSOR_DEFINITIONS = (
					"DEBUG=1",
					"$(inherited)",
				);
				GCC_WARN_64_TO_32_BIT_CONVERSION = YES;
				GCC_WARN_ABOUT_RETURN_TYPE = YES_ERROR;
				GCC_WARN_UNDECLARED_SELECTOR = YES;
				GCC_WARN_UNINITIALIZED_AUTOS = YES_AGGRESSIVE;
				GCC_WARN_UNUSED_FUNCTION = YES;
				GCC_WARN_UNUSED_VARIABLE = YES;
				IPHONEOS_DEPLOYMENT_TARGET = 13.4;
				MTL_ENABLE_DEBUG_INFO = INCLUDE_SOURCE;
				MTL_FAST_MATH = YES;
				ONLY_ACTIVE_ARCH = YES;
				SDKROOT = iphoneos;
				SWIFT_ACTIVE_COMPILATION_CONDITIONS = DEBUG;
				SWIFT_OPTIMIZATION_LEVEL = "-Onone";
			};
			name = Debug;
		};
		63DA3A0B24D465ED0032079E /* Release */ = {
			isa = XCBuildConfiguration;
			buildSettings = {
				ALWAYS_SEARCH_USER_PATHS = NO;
				CLANG_ANALYZER_NONNULL = YES;
				CLANG_ANALYZER_NUMBER_OBJECT_CONVERSION = YES_AGGRESSIVE;
				CLANG_CXX_LANGUAGE_STANDARD = "gnu++14";
				CLANG_CXX_LIBRARY = "libc++";
				CLANG_ENABLE_MODULES = YES;
				CLANG_ENABLE_OBJC_ARC = YES;
				CLANG_ENABLE_OBJC_WEAK = YES;
				CLANG_WARN_BLOCK_CAPTURE_AUTORELEASING = YES;
				CLANG_WARN_BOOL_CONVERSION = YES;
				CLANG_WARN_COMMA = YES;
				CLANG_WARN_CONSTANT_CONVERSION = YES;
				CLANG_WARN_DEPRECATED_OBJC_IMPLEMENTATIONS = YES;
				CLANG_WARN_DIRECT_OBJC_ISA_USAGE = YES_ERROR;
				CLANG_WARN_DOCUMENTATION_COMMENTS = YES;
				CLANG_WARN_EMPTY_BODY = YES;
				CLANG_WARN_ENUM_CONVERSION = YES;
				CLANG_WARN_INFINITE_RECURSION = YES;
				CLANG_WARN_INT_CONVERSION = YES;
				CLANG_WARN_NON_LITERAL_NULL_CONVERSION = YES;
				CLANG_WARN_OBJC_IMPLICIT_RETAIN_SELF = YES;
				CLANG_WARN_OBJC_LITERAL_CONVERSION = YES;
				CLANG_WARN_OBJC_ROOT_CLASS = YES_ERROR;
				CLANG_WARN_RANGE_LOOP_ANALYSIS = YES;
				CLANG_WARN_STRICT_PROTOTYPES = YES;
				CLANG_WARN_SUSPICIOUS_MOVE = YES;
				CLANG_WARN_UNGUARDED_AVAILABILITY = YES_AGGRESSIVE;
				CLANG_WARN_UNREACHABLE_CODE = YES;
				CLANG_WARN__DUPLICATE_METHOD_MATCH = YES;
				COPY_PHASE_STRIP = NO;
				DEBUG_INFORMATION_FORMAT = "dwarf-with-dsym";
				ENABLE_NS_ASSERTIONS = NO;
				ENABLE_STRICT_OBJC_MSGSEND = YES;
				GCC_C_LANGUAGE_STANDARD = gnu11;
				GCC_NO_COMMON_BLOCKS = YES;
				GCC_WARN_64_TO_32_BIT_CONVERSION = YES;
				GCC_WARN_ABOUT_RETURN_TYPE = YES_ERROR;
				GCC_WARN_UNDECLARED_SELECTOR = YES;
				GCC_WARN_UNINITIALIZED_AUTOS = YES_AGGRESSIVE;
				GCC_WARN_UNUSED_FUNCTION = YES;
				GCC_WARN_UNUSED_VARIABLE = YES;
				IPHONEOS_DEPLOYMENT_TARGET = 13.4;
				MTL_ENABLE_DEBUG_INFO = NO;
				MTL_FAST_MATH = YES;
				SDKROOT = iphoneos;
				SWIFT_COMPILATION_MODE = wholemodule;
				SWIFT_OPTIMIZATION_LEVEL = "-O";
				VALIDATE_PRODUCT = YES;
			};
			name = Release;
		};
		63DA3A0D24D465ED0032079E /* Debug */ = {
			isa = XCBuildConfiguration;
			buildSettings = {
				ASSETCATALOG_COMPILER_APPICON_NAME = AppIcon;
				CODE_SIGN_STYLE = Automatic;
				DEVELOPMENT_TEAM = J5C4BQ96D2;
				INFOPLIST_FILE = ScaleOfTheUniverse/Info.plist;
				LD_RUNPATH_SEARCH_PATHS = (
					"$(inherited)",
					"@executable_path/Frameworks",
				);
				PRODUCT_BUNDLE_IDENTIFIER = com.ezra.example.ScaleOfTheUniverse;
				PRODUCT_NAME = "$(TARGET_NAME)";
				SWIFT_VERSION = 5.0;
				TARGETED_DEVICE_FAMILY = "1,2";
			};
			name = Debug;
		};
		63DA3A0E24D465ED0032079E /* Release */ = {
			isa = XCBuildConfiguration;
			buildSettings = {
				ASSETCATALOG_COMPILER_APPICON_NAME = AppIcon;
				CODE_SIGN_STYLE = Automatic;
				DEVELOPMENT_TEAM = J5C4BQ96D2;
				INFOPLIST_FILE = ScaleOfTheUniverse/Info.plist;
				LD_RUNPATH_SEARCH_PATHS = (
					"$(inherited)",
					"@executable_path/Frameworks",
				);
				PRODUCT_BUNDLE_IDENTIFIER = com.ezra.example.ScaleOfTheUniverse;
				PRODUCT_NAME = "$(TARGET_NAME)";
				SWIFT_VERSION = 5.0;
				TARGETED_DEVICE_FAMILY = "1,2";
			};
			name = Release;
		};
/* End XCBuildConfiguration section */

/* Begin XCConfigurationList section */
		63DA39F324D465E80032079E /* Build configuration list for PBXProject "ScaleOfTheUniverse" */ = {
			isa = XCConfigurationList;
			buildConfigurations = (
				63DA3A0A24D465ED0032079E /* Debug */,
				63DA3A0B24D465ED0032079E /* Release */,
			);
			defaultConfigurationIsVisible = 0;
			defaultConfigurationName = Release;
		};
		63DA3A0C24D465ED0032079E /* Build configuration list for PBXNativeTarget "ScaleOfTheUniverse" */ = {
			isa = XCConfigurationList;
			buildConfigurations = (
				63DA3A0D24D465ED0032079E /* Debug */,
				63DA3A0E24D465ED0032079E /* Release */,
			);
			defaultConfigurationIsVisible = 0;
			defaultConfigurationName = Release;
		};
/* End XCConfigurationList section */
	};
	rootObject = 63DA39F024D465E80032079E /* Project object */;
}
